// !$*UTF8*$!
{
	archiveVersion = 1;
	classes = {
	};
	objectVersion = 46;
	objects = {

/* Begin PBXBuildFile section */
		F1ACBD661F13C2D0000ADC54 /* AppDelegate.swift in Sources */ = {isa = PBXBuildFile; fileRef = F1ACBD651F13C2D0000ADC54 /* AppDelegate.swift */; };
		F1ACBD681F13C2D0000ADC54 /* ViewController.swift in Sources */ = {isa = PBXBuildFile; fileRef = F1ACBD671F13C2D0000ADC54 /* ViewController.swift */; };
		F1ACBD6B1F13C2D0000ADC54 /* Main.storyboard in Resources */ = {isa = PBXBuildFile; fileRef = F1ACBD691F13C2D0000ADC54 /* Main.storyboard */; };
		F1ACBD6D1F13C2D0000ADC54 /* Assets.xcassets in Resources */ = {isa = PBXBuildFile; fileRef = F1ACBD6C1F13C2D0000ADC54 /* Assets.xcassets */; };
		F1ACBD701F13C2D0000ADC54 /* LaunchScreen.storyboard in Resources */ = {isa = PBXBuildFile; fileRef = F1ACBD6E1F13C2D0000ADC54 /* LaunchScreen.storyboard */; };
/* End PBXBuildFile section */

/* Begin PBXFileReference section */
		F1ACBD621F13C2D0000ADC54 /* InstaRemake.app */ = {isa = PBXFileReference; explicitFileType = wrapper.application; includeInIndex = 0; path = InstaRemake.app; sourceTree = BUILT_PRODUCTS_DIR; };
		F1ACBD651F13C2D0000ADC54 /* AppDelegate.swift */ = {isa = PBXFileReference; lastKnownFileType = sourcecode.swift; path = AppDelegate.swift; sourceTree = "<group>"; };
		F1ACBD671F13C2D0000ADC54 /* ViewController.swift */ = {isa = PBXFileReference; lastKnownFileType = sourcecode.swift; path = ViewController.swift; sourceTree = "<group>"; };
		F1ACBD6A1F13C2D0000ADC54 /* Base */ = {isa = PBXFileReference; lastKnownFileType = file.storyboard; name = Base; path = Base.lproj/Main.storyboard; sourceTree = "<group>"; };
		F1ACBD6C1F13C2D0000ADC54 /* Assets.xcassets */ = {isa = PBXFileReference; lastKnownFileType = folder.assetcatalog; path = Assets.xcassets; sourceTree = "<group>"; };
		F1ACBD6F1F13C2D0000ADC54 /* Base */ = {isa = PBXFileReference; lastKnownFileType = file.storyboard; name = Base; path = Base.lproj/LaunchScreen.storyboard; sourceTree = "<group>"; };
		F1ACBD711F13C2D0000ADC54 /* Info.plist */ = {isa = PBXFileReference; lastKnownFileType = text.plist.xml; path = Info.plist; sourceTree = "<group>"; };
/* End PBXFileReference section */

/* Begin PBXFrameworksBuildPhase section */
		F1ACBD5F1F13C2D0000ADC54 /* Frameworks */ = {
			isa = PBXFrameworksBuildPhase;
			buildActionMask = 2147483647;
			files = (
			);
			runOnlyForDeploymentPostprocessing = 0;
		};
/* End PBXFrameworksBuildPhase section */

/* Begin PBXGroup section */
		F1ACBD591F13C2D0000ADC54 = {
			isa = PBXGroup;
			children = (
				F1ACBD641F13C2D0000ADC54 /* InstaRemake */,
				F1ACBD631F13C2D0000ADC54 /* Products */,
			);
			sourceTree = "<group>";
		};
		F1ACBD631F13C2D0000ADC54 /* Products */ = {
			isa = PBXGroup;
			children = (
				F1ACBD621F13C2D0000ADC54 /* InstaRemake.app */,
			);
			name = Products;
			sourceTree = "<group>";
		};
		F1ACBD641F13C2D0000ADC54 /* InstaRemake */ = {
			isa = PBXGroup;
			children = (
				F1ACBD651F13C2D0000ADC54 /* AppDelegate.swift */,
				F1ACBD671F13C2D0000ADC54 /* ViewController.swift */,
				F1ACBD691F13C2D0000ADC54 /* Main.storyboard */,
				F1ACBD6C1F13C2D0000ADC54 /* Assets.xcassets */,
				F1ACBD6E1F13C2D0000ADC54 /* LaunchScreen.storyboard */,
				F1ACBD711F13C2D0000ADC54 /* Info.plist */,
			);
			path = InstaRemake;
			sourceTree = "<group>";
		};
/* End PBXGroup section */

/* Begin PBXNativeTarget section */
		F1ACBD611F13C2D0000ADC54 /* InstaRemake */ = {
			isa = PBXNativeTarget;
			buildConfigurationList = F1ACBD741F13C2D0000ADC54 /* Build configuration list for PBXNativeTarget "InstaRemake" */;
			buildPhases = (
				F1ACBD5E1F13C2D0000ADC54 /* Sources */,
				F1ACBD5F1F13C2D0000ADC54 /* Frameworks */,
				F1ACBD601F13C2D0000ADC54 /* Resources */,
			);
			buildRules = (
			);
			dependencies = (
			);
			name = InstaRemake;
			productName = InstaRemake;
			productReference = F1ACBD621F13C2D0000ADC54 /* InstaRemake.app */;
			productType = "com.apple.product-type.application";
		};
/* End PBXNativeTarget section */

/* Begin PBXProject section */
		F1ACBD5A1F13C2D0000ADC54 /* Project object */ = {
			isa = PBXProject;
			attributes = {
				LastSwiftUpdateCheck = 0830;
				LastUpgradeCheck = 0830;
				ORGANIZATIONNAME = "Jeremy Kim";
				TargetAttributes = {
					F1ACBD611F13C2D0000ADC54 = {
						CreatedOnToolsVersion = 8.3.3;
						ProvisioningStyle = Automatic;
					};
				};
			};
			buildConfigurationList = F1ACBD5D1F13C2D0000ADC54 /* Build configuration list for PBXProject "InstaRemake" */;
			compatibilityVersion = "Xcode 3.2";
			developmentRegion = English;
			hasScannedForEncodings = 0;
			knownRegions = (
				en,
				Base,
			);
			mainGroup = F1ACBD591F13C2D0000ADC54;
			productRefGroup = F1ACBD631F13C2D0000ADC54 /* Products */;
			projectDirPath = "";
			projectRoot = "";
			targets = (
				F1ACBD611F13C2D0000ADC54 /* InstaRemake */,
			);
		};
/* End PBXProject section */

/* Begin PBXResourcesBuildPhase section */
		F1ACBD601F13C2D0000ADC54 /* Resources */ = {
			isa = PBXResourcesBuildPhase;
			buildActionMask = 2147483647;
			files = (
				F1ACBD701F13C2D0000ADC54 /* LaunchScreen.storyboard in Resources */,
				F1ACBD6D1F13C2D0000ADC54 /* Assets.xcassets in Resources */,
				F1ACBD6B1F13C2D0000ADC54 /* Main.storyboard in Resources */,
			);
			runOnlyForDeploymentPostprocessing = 0;
		};
/* End PBXResourcesBuildPhase section */

/* Begin PBXSourcesBuildPhase section */
		F1ACBD5E1F13C2D0000ADC54 /* Sources */ = {
			isa = PBXSourcesBuildPhase;
			buildActionMask = 2147483647;
			files = (
				F1ACBD681F13C2D0000ADC54 /* ViewController.swift in Sources */,
				F1ACBD661F13C2D0000ADC54 /* AppDelegate.swift in Sources */,
			);
			runOnlyForDeploymentPostprocessing = 0;
		};
/* End PBXSourcesBuildPhase section */

/* Begin PBXVariantGroup section */
		F1ACBD691F13C2D0000ADC54 /* Main.storyboard */ = {
			isa = PBXVariantGroup;
			children = (
				F1ACBD6A1F13C2D0000ADC54 /* Base */,
			);
			name = Main.storyboard;
			sourceTree = "<group>";
		};
		F1ACBD6E1F13C2D0000ADC54 /* LaunchScreen.storyboard */ = {
			isa = PBXVariantGroup;
			children = (
				F1ACBD6F1F13C2D0000ADC54 /* Base */,
			);
			name = LaunchScreen.storyboard;
			sourceTree = "<group>";
		};
/* End PBXVariantGroup section */

/* Begin XCBuildConfiguration section */
		F1ACBD721F13C2D0000ADC54 /* Debug */ = {
			isa = XCBuildConfiguration;
			buildSettings = {
				ALWAYS_SEARCH_USER_PATHS = NO;
				CLANG_ANALYZER_NONNULL = YES;
				CLANG_ANALYZER_NUMBER_OBJECT_CONVERSION = YES_AGGRESSIVE;
				CLANG_CXX_LANGUAGE_STANDARD = "gnu++0x";
				CLANG_CXX_LIBRARY = "libc++";
				CLANG_ENABLE_MODULES = YES;
				CLANG_ENABLE_OBJC_ARC = YES;
				CLANG_WARN_BOOL_CONVERSION = YES;
				CLANG_WARN_CONSTANT_CONVERSION = YES;
				CLANG_WARN_DIRECT_OBJC_ISA_USAGE = YES_ERROR;
				CLANG_WARN_DOCUMENTATION_COMMENTS = YES;
				CLANG_WARN_EMPTY_BODY = YES;
				CLANG_WARN_ENUM_CONVERSION = YES;
				CLANG_WARN_INFINITE_RECURSION = YES;
				CLANG_WARN_INT_CONVERSION = YES;
				CLANG_WARN_OBJC_ROOT_CLASS = YES_ERROR;
				CLANG_WARN_SUSPICIOUS_MOVE = YES;
				CLANG_WARN_UNREACHABLE_CODE = YES;
				CLANG_WARN__DUPLICATE_METHOD_MATCH = YES;
				"CODE_SIGN_IDENTITY[sdk=iphoneos*]" = "iPhone Developer";
				COPY_PHASE_STRIP = NO;
				DEBUG_INFORMATION_FORMAT = dwarf;
				ENABLE_STRICT_OBJC_MSGSEND = YES;
				ENABLE_TESTABILITY = YES;
				GCC_C_LANGUAGE_STANDARD = gnu99;
				GCC_DYNAMIC_NO_PIC = NO;
				GCC_NO_COMMON_BLOCKS = YES;
				GCC_OPTIMIZATION_LEVEL = 0;
				GCC_PREPROCESSOR_DEFINITIONS = (
					"DEBUG=1",
					"$(inherited)",
				);
				GCC_WARN_64_TO_32_BIT_CONVERSION = YES;
				GCC_WARN_ABOUT_RETURN_TYPE = YES_ERROR;
				GCC_WARN_UNDECLARED_SELECTOR = YES;
				GCC_WARN_UNINITIALIZED_AUTOS = YES_AGGRESSIVE;
				GCC_WARN_UNUSED_FUNCTION = YES;
				GCC_WARN_UNUSED_VARIABLE = YES;
				IPHONEOS_DEPLOYMENT_TARGET = 10.3;
				MTL_ENABLE_DEBUG_INFO = YES;
				ONLY_ACTIVE_ARCH = YES;
				SDKROOT = iphoneos;
				SWIFT_ACTIVE_COMPILATION_CONDITIONS = DEBUG;
				SWIFT_OPTIMIZATION_LEVEL = "-Onone";
			};
			name = Debug;
		};
		F1ACBD731F13C2D0000ADC54 /* Release */ = {
			isa = XCBuildConfiguration;
			buildSettings = {
				ALWAYS_SEARCH_USER_PATHS = NO;
				CLANG_ANALYZER_NONNULL = YES;
				CLANG_ANALYZER_NUMBER_OBJECT_CONVERSION = YES_AGGRESSIVE;
				CLANG_CXX_LANGUAGE_STANDARD = "gnu++0x";
				CLANG_CXX_LIBRARY = "libc++";
				CLANG_ENABLE_MODULES = YES;
				CLANG_ENABLE_OBJC_ARC = YES;
				CLANG_WARN_BOOL_CONVERSION = YES;
				CLANG_WARN_CONSTANT_CONVERSION = YES;
				CLANG_WARN_DIRECT_OBJC_ISA_USAGE = YES_ERROR;
				CLANG_WARN_DOCUMENTATION_COMMENTS = YES;
				CLANG_WARN_EMPTY_BODY = YES;
				CLANG_WARN_ENUM_CONVERSION = YES;
				CLANG_WARN_INFINITE_RECURSION = YES;
				CLANG_WARN_INT_CONVERSION = YES;
				CLANG_WARN_OBJC_ROOT_CLASS = YES_ERROR;
				CLANG_WARN_SUSPICIOUS_MOVE = YES;
				CLANG_WARN_UNREACHABLE_CODE = YES;
				CLANG_WARN__DUPLICATE_METHOD_MATCH = YES;
				"CODE_SIGN_IDENTITY[sdk=iphoneos*]" = "iPhone Developer";
				COPY_PHASE_STRIP = NO;
				DEBUG_INFORMATION_FORMAT = "dwarf-with-dsym";
				ENABLE_NS_ASSERTIONS = NO;
				ENABLE_STRICT_OBJC_MSGSEND = YES;
				GCC_C_LANGUAGE_STANDARD = gnu99;
				GCC_NO_COMMON_BLOCKS = YES;
				GCC_WARN_64_TO_32_BIT_CONVERSION = YES;
				GCC_WARN_ABOUT_RETURN_TYPE = YES_ERROR;
				GCC_WARN_UNDECLARED_SELECTOR = YES;
				GCC_WARN_UNINITIALIZED_AUTOS = YES_AGGRESSIVE;
				GCC_WARN_UNUSED_FUNCTION = YES;
				GCC_WARN_UNUSED_VARIABLE = YES;
				IPHONEOS_DEPLOYMENT_TARGET = 10.3;
				MTL_ENABLE_DEBUG_INFO = NO;
				SDKROOT = iphoneos;
				SWIFT_OPTIMIZATION_LEVEL = "-Owholemodule";
				VALIDATE_PRODUCT = YES;
			};
			name = Release;
		};
		F1ACBD751F13C2D0000ADC54 /* Debug */ = {
			isa = XCBuildConfiguration;
			buildSettings = {
				ASSETCATALOG_COMPILER_APPICON_NAME = AppIcon;
				INFOPLIST_FILE = InstaRemake/Info.plist;
				LD_RUNPATH_SEARCH_PATHS = "$(inherited) @executable_path/Frameworks";
				PRODUCT_BUNDLE_IDENTIFIER = Home.InstaRemake;
				PRODUCT_NAME = "$(TARGET_NAME)";
				SWIFT_VERSION = 3.0;
			};
			name = Debug;
		};
		F1ACBD761F13C2D0000ADC54 /* Release */ = {
			isa = XCBuildConfiguration;
			buildSettings = {
				ASSETCATALOG_COMPILER_APPICON_NAME = AppIcon;
				INFOPLIST_FILE = InstaRemake/Info.plist;
				LD_RUNPATH_SEARCH_PATHS = "$(inherited) @executable_path/Frameworks";
				PRODUCT_BUNDLE_IDENTIFIER = Home.InstaRemake;
				PRODUCT_NAME = "$(TARGET_NAME)";
				SWIFT_VERSION = 3.0;
			};
			name = Release;
		};
/* End XCBuildConfiguration section */

/* Begin XCConfigurationList section */
		F1ACBD5D1F13C2D0000ADC54 /* Build configuration list for PBXProject "InstaRemake" */ = {
			isa = XCConfigurationList;
			buildConfigurations = (
				F1ACBD721F13C2D0000ADC54 /* Debug */,
				F1ACBD731F13C2D0000ADC54 /* Release */,
			);
			defaultConfigurationIsVisible = 0;
			defaultConfigurationName = Release;
		};
		F1ACBD741F13C2D0000ADC54 /* Build configuration list for PBXNativeTarget "InstaRemake" */ = {
			isa = XCConfigurationList;
			buildConfigurations = (
				F1ACBD751F13C2D0000ADC54 /* Debug */,
				F1ACBD761F13C2D0000ADC54 /* Release */,
			);
			defaultConfigurationIsVisible = 0;
		};
/* End XCConfigurationList section */
	};
	rootObject = F1ACBD5A1F13C2D0000ADC54 /* Project object */;
}
